
Microsoft Visual Studio Solution File, Format Version 12.00
# Visual Studio Version 17
VisualStudioVersion = 17.8.34316.72
MinimumVisualStudioVersion = 10.0.40219.1
Project("{FAE04EC0-301F-11D3-BF4B-00C04F79EFBC}") = "TasteHub", "TasteHub\TasteHub.csproj", "{1C88BBA3-88A5-4C5E-AE96-F1EF1B7588A0}"
EndProject
Global
	GlobalSection(SolutionConfigurationPlatforms) = preSolution
		Debug|Any CPU = Debug|Any CPU
		Release|Any CPU = Release|Any CPU
	EndGlobalSection
	GlobalSection(ProjectConfigurationPlatforms) = postSolution
		{1C88BBA3-88A5-4C5E-AE96-F1EF1B7588A0}.Debug|Any CPU.ActiveCfg = Debug|Any CPU
		{1C88BBA3-88A5-4C5E-AE96-F1EF1B7588A0}.Debug|Any CPU.Build.0 = Debug|Any CPU
		{1C88BBA3-88A5-4C5E-AE96-F1EF1B7588A0}.Release|Any CPU.ActiveCfg = Release|Any CPU
		{1C88BBA3-88A5-4C5E-AE96-F1EF1B7588A0}.Release|Any CPU.Build.0 = Release|Any CPU
	EndGlobalSection
	GlobalSection(SolutionProperties) = preSolution
		HideSolutionNode = FALSE
	EndGlobalSection
	GlobalSection(ExtensibilityGlobals) = postSolution
		SolutionGuid = {0655863C-B51E-4E35-B11D-D8391868CF81}
	EndGlobalSection
EndGlobal
